
Microsoft Visual Studio Solution File, Format Version 12.00
# Visual Studio Version 17
VisualStudioVersion = 17.10.34928.147
MinimumVisualStudioVersion = 10.0.40219.1
Project("{FAE04EC0-301F-11D3-BF4B-00C04F79EFBC}") = "ecu-onatrix", "ecu-onatrix\ecu-onatrix.csproj", "{5C099819-3FB7-4795-A894-9D0A9FDC9AD5}"
EndProject
Global
	GlobalSection(SolutionConfigurationPlatforms) = preSolution
		Debug|Any CPU = Debug|Any CPU
		Release|Any CPU = Release|Any CPU
	EndGlobalSection
	GlobalSection(ProjectConfigurationPlatforms) = postSolution
		{5C099819-3FB7-4795-A894-9D0A9FDC9AD5}.Debug|Any CPU.ActiveCfg = Debug|Any CPU
		{5C099819-3FB7-4795-A894-9D0A9FDC9AD5}.Debug|Any CPU.Build.0 = Debug|Any CPU
		{5C099819-3FB7-4795-A894-9D0A9FDC9AD5}.Release|Any CPU.ActiveCfg = Release|Any CPU
		{5C099819-3FB7-4795-A894-9D0A9FDC9AD5}.Release|Any CPU.Build.0 = Release|Any CPU
	EndGlobalSection
	GlobalSection(SolutionProperties) = preSolution
		HideSolutionNode = FALSE
	EndGlobalSection
	GlobalSection(ExtensibilityGlobals) = postSolution
		SolutionGuid = {C0AAF2C2-C866-4F86-AFF0-655C3F111234}
	EndGlobalSection
EndGlobal
